
Microsoft Visual Studio Solution File, Format Version 12.00
# Visual Studio Version 16
VisualStudioVersion = 16.0.32126.315
MinimumVisualStudioVersion = 10.0.40219.1
Project("{FAE04EC0-301F-11D3-BF4B-00C04F79EFBC}") = "Day of Week", "Day of Week\Day of Week.csproj", "{B822B62A-DEAE-4EA1-8EBD-F4B51B45E5F9}"
EndProject
Project("{FAE04EC0-301F-11D3-BF4B-00C04F79EFBC}") = "Weekend or Working Day1", "Weekend or Working Day1\Weekend or Working Day1.csproj", "{AEF5DF0F-9751-4645-8E54-314BCDBF2C92}"
EndProject
Project("{FAE04EC0-301F-11D3-BF4B-00C04F79EFBC}") = "Animal Type1", "Animal Type1\Animal Type1.csproj", "{12C12170-E22F-4E5C-8C5E-962482AC731D}"
EndProject
Project("{FAE04EC0-301F-11D3-BF4B-00C04F79EFBC}") = "Personal Titles1", "Personal Titles1\Personal Titles1.csproj", "{FC5B25DD-B82A-4FFC-AA1A-298CB77C4A6B}"
EndProject
Project("{FAE04EC0-301F-11D3-BF4B-00C04F79EFBC}") = "Small Shop1", "Small Shop1\Small Shop1.csproj", "{D9C847D9-D3C2-4B30-A0BF-CD89C9D78CF1}"
EndProject
Project("{FAE04EC0-301F-11D3-BF4B-00C04F79EFBC}") = "Number in Range1", "Number in Range1\Number in Range1.csproj", "{E509763D-B50C-4779-927A-ECBE113D9751}"
EndProject
Project("{FAE04EC0-301F-11D3-BF4B-00C04F79EFBC}") = "Working Hours1", "Working Hours1\Working Hours1.csproj", "{84883406-F2F9-4CAD-AF01-CE6DD9DA223C}"
EndProject
Project("{FAE04EC0-301F-11D3-BF4B-00C04F79EFBC}") = "Cinema Ticket1", "Cinema Ticket1\Cinema Ticket1.csproj", "{BD6184A0-7DD6-4B69-8AF6-3E7FBBC2B970}"
EndProject
Project("{FAE04EC0-301F-11D3-BF4B-00C04F79EFBC}") = "Fruit or Vegetable1", "Fruit or Vegetable1\Fruit or Vegetable1.csproj", "{69108234-DB3F-41D9-B28E-4CF47F8FC654}"
EndProject
Project("{FAE04EC0-301F-11D3-BF4B-00C04F79EFBC}") = "Invalid Number1", "Invalid Number1\Invalid Number1.csproj", "{D981C084-3E91-46C0-AE6E-ADED67FBE04D}"
EndProject
Project("{FAE04EC0-301F-11D3-BF4B-00C04F79EFBC}") = "Fruit Shop1", "Fruit Shop1\Fruit Shop1.csproj", "{1A4D9C7E-72CB-4C8A-AB67-07E441CC1A9B}"
EndProject
Project("{FAE04EC0-301F-11D3-BF4B-00C04F79EFBC}") = "Trade Commissions1", "Trade Commissions1\Trade Commissions1.csproj", "{BE0AEAF2-E963-4F8D-A24C-144A94ED4D9A}"
EndProject
Global
	GlobalSection(SolutionConfigurationPlatforms) = preSolution
		Debug|Any CPU = Debug|Any CPU
		Release|Any CPU = Release|Any CPU
	EndGlobalSection
	GlobalSection(ProjectConfigurationPlatforms) = postSolution
		{B822B62A-DEAE-4EA1-8EBD-F4B51B45E5F9}.Debug|Any CPU.ActiveCfg = Debug|Any CPU
		{B822B62A-DEAE-4EA1-8EBD-F4B51B45E5F9}.Debug|Any CPU.Build.0 = Debug|Any CPU
		{B822B62A-DEAE-4EA1-8EBD-F4B51B45E5F9}.Release|Any CPU.ActiveCfg = Release|Any CPU
		{B822B62A-DEAE-4EA1-8EBD-F4B51B45E5F9}.Release|Any CPU.Build.0 = Release|Any CPU
		{AEF5DF0F-9751-4645-8E54-314BCDBF2C92}.Debug|Any CPU.ActiveCfg = Debug|Any CPU
		{AEF5DF0F-9751-4645-8E54-314BCDBF2C92}.Debug|Any CPU.Build.0 = Debug|Any CPU
		{AEF5DF0F-9751-4645-8E54-314BCDBF2C92}.Release|Any CPU.ActiveCfg = Release|Any CPU
		{AEF5DF0F-9751-4645-8E54-314BCDBF2C92}.Release|Any CPU.Build.0 = Release|Any CPU
		{12C12170-E22F-4E5C-8C5E-962482AC731D}.Debug|Any CPU.ActiveCfg = Debug|Any CPU
		{12C12170-E22F-4E5C-8C5E-962482AC731D}.Debug|Any CPU.Build.0 = Debug|Any CPU
		{12C12170-E22F-4E5C-8C5E-962482AC731D}.Release|Any CPU.ActiveCfg = Release|Any CPU
		{12C12170-E22F-4E5C-8C5E-962482AC731D}.Release|Any CPU.Build.0 = Release|Any CPU
		{FC5B25DD-B82A-4FFC-AA1A-298CB77C4A6B}.Debug|Any CPU.ActiveCfg = Debug|Any CPU
		{FC5B25DD-B82A-4FFC-AA1A-298CB77C4A6B}.Debug|Any CPU.Build.0 = Debug|Any CPU
		{FC5B25DD-B82A-4FFC-AA1A-298CB77C4A6B}.Release|Any CPU.ActiveCfg = Release|Any CPU
		{FC5B25DD-B82A-4FFC-AA1A-298CB77C4A6B}.Release|Any CPU.Build.0 = Release|Any CPU
		{D9C847D9-D3C2-4B30-A0BF-CD89C9D78CF1}.Debug|Any CPU.ActiveCfg = Debug|Any CPU
		{D9C847D9-D3C2-4B30-A0BF-CD89C9D78CF1}.Debug|Any CPU.Build.0 = Debug|Any CPU
		{D9C847D9-D3C2-4B30-A0BF-CD89C9D78CF1}.Release|Any CPU.ActiveCfg = Release|Any CPU
		{D9C847D9-D3C2-4B30-A0BF-CD89C9D78CF1}.Release|Any CPU.Build.0 = Release|Any CPU
		{E509763D-B50C-4779-927A-ECBE113D9751}.Debug|Any CPU.ActiveCfg = Debug|Any CPU
		{E509763D-B50C-4779-927A-ECBE113D9751}.Debug|Any CPU.Build.0 = Debug|Any CPU
		{E509763D-B50C-4779-927A-ECBE113D9751}.Release|Any CPU.ActiveCfg = Release|Any CPU
		{E509763D-B50C-4779-927A-ECBE113D9751}.Release|Any CPU.Build.0 = Release|Any CPU
		{84883406-F2F9-4CAD-AF01-CE6DD9DA223C}.Debug|Any CPU.ActiveCfg = Debug|Any CPU
		{84883406-F2F9-4CAD-AF01-CE6DD9DA223C}.Debug|Any CPU.Build.0 = Debug|Any CPU
		{84883406-F2F9-4CAD-AF01-CE6DD9DA223C}.Release|Any CPU.ActiveCfg = Release|Any CPU
		{84883406-F2F9-4CAD-AF01-CE6DD9DA223C}.Release|Any CPU.Build.0 = Release|Any CPU
		{BD6184A0-7DD6-4B69-8AF6-3E7FBBC2B970}.Debug|Any CPU.ActiveCfg = Debug|Any CPU
		{BD6184A0-7DD6-4B69-8AF6-3E7FBBC2B970}.Debug|Any CPU.Build.0 = Debug|Any CPU
		{BD6184A0-7DD6-4B69-8AF6-3E7FBBC2B970}.Release|Any CPU.ActiveCfg = Release|Any CPU
		{BD6184A0-7DD6-4B69-8AF6-3E7FBBC2B970}.Release|Any CPU.Build.0 = Release|Any CPU
		{69108234-DB3F-41D9-B28E-4CF47F8FC654}.Debug|Any CPU.ActiveCfg = Debug|Any CPU
		{69108234-DB3F-41D9-B28E-4CF47F8FC654}.Debug|Any CPU.Build.0 = Debug|Any CPU
		{69108234-DB3F-41D9-B28E-4CF47F8FC654}.Release|Any CPU.ActiveCfg = Release|Any CPU
		{69108234-DB3F-41D9-B28E-4CF47F8FC654}.Release|Any CPU.Build.0 = Release|Any CPU
		{D981C084-3E91-46C0-AE6E-ADED67FBE04D}.Debug|Any CPU.ActiveCfg = Debug|Any CPU
		{D981C084-3E91-46C0-AE6E-ADED67FBE04D}.Debug|Any CPU.Build.0 = Debug|Any CPU
		{D981C084-3E91-46C0-AE6E-ADED67FBE04D}.Release|Any CPU.ActiveCfg = Release|Any CPU
		{D981C084-3E91-46C0-AE6E-ADED67FBE04D}.Release|Any CPU.Build.0 = Release|Any CPU
		{1A4D9C7E-72CB-4C8A-AB67-07E441CC1A9B}.Debug|Any CPU.ActiveCfg = Debug|Any CPU
		{1A4D9C7E-72CB-4C8A-AB67-07E441CC1A9B}.Debug|Any CPU.Build.0 = Debug|Any CPU
		{1A4D9C7E-72CB-4C8A-AB67-07E441CC1A9B}.Release|Any CPU.ActiveCfg = Release|Any CPU
		{1A4D9C7E-72CB-4C8A-AB67-07E441CC1A9B}.Release|Any CPU.Build.0 = Release|Any CPU
		{BE0AEAF2-E963-4F8D-A24C-144A94ED4D9A}.Debug|Any CPU.ActiveCfg = Debug|Any CPU
		{BE0AEAF2-E963-4F8D-A24C-144A94ED4D9A}.Debug|Any CPU.Build.0 = Debug|Any CPU
		{BE0AEAF2-E963-4F8D-A24C-144A94ED4D9A}.Release|Any CPU.ActiveCfg = Release|Any CPU
		{BE0AEAF2-E963-4F8D-A24C-144A94ED4D9A}.Release|Any CPU.Build.0 = Release|Any CPU
	EndGlobalSection
	GlobalSection(SolutionProperties) = preSolution
		HideSolutionNode = FALSE
	EndGlobalSection
	GlobalSection(ExtensibilityGlobals) = postSolution
		SolutionGuid = {AA417D42-8451-4BC4-852D-FE1311F8D0BC}
	EndGlobalSection
EndGlobal
